{
  "lockfileVersion": 1,
  "configVersion": 1,
  "workspaces": {
    "": {
      "dependencies": {
        "neverthrow": "^8.2.0",
      },
    },
  },
  "packages": {
    "@rollup/rollup-linux-x64-gnu": ["@rollup/rollup-linux-x64-gnu@4.62.0", "", { "os": "linux", "cpu": "x64" }, "sha512-7SDIalKeIpG0Ifogbbdn58HmSotYMlf23K3dCJEmiVd9Fg36Vmni82iPQec27N3wY4Bvbxftkxz6vSx9OcouTg=="],

    "neverthrow": ["neverthrow@8.2.0", "", { "optionalDependencies": { "@rollup/rollup-linux-x64-gnu": "^4.24.0" } }, "sha512-kOCT/1MCPAxY5iUV3wytNFUMUolzuwd/VF/1KCx7kf6CutrOsTie+84zTGTpgQycjvfLdBBdvBvFLqFD2c0wkQ=="],
  }
}
